
Microsoft Visual Studio Solution File, Format Version 12.00
# Visual Studio Version 16
VisualStudioVersion = 16.0.29709.97
MinimumVisualStudioVersion = 10.0.40219.1
Project("{FAE04EC0-301F-11D3-BF4B-00C04F79EFBC}") = "LastDocuments", "LastDocumentsSl\LastDocuments.csproj", "{32D0216C-9490-4B2E-AF62-E7265B089B9E}"
EndProject
Global
	GlobalSection(SolutionConfigurationPlatforms) = preSolution
		Debug|Any CPU = Debug|Any CPU
		Release|Any CPU = Release|Any CPU
	EndGlobalSection
	GlobalSection(ProjectConfigurationPlatforms) = postSolution
		{32D0216C-9490-4B2E-AF62-E7265B089B9E}.Debug|Any CPU.ActiveCfg = Debug|Any CPU
		{32D0216C-9490-4B2E-AF62-E7265B089B9E}.Debug|Any CPU.Build.0 = Debug|Any CPU
		{32D0216C-9490-4B2E-AF62-E7265B089B9E}.Release|Any CPU.ActiveCfg = Release|Any CPU
		{32D0216C-9490-4B2E-AF62-E7265B089B9E}.Release|Any CPU.Build.0 = Release|Any CPU
	EndGlobalSection
	GlobalSection(SolutionProperties) = preSolution
		HideSolutionNode = FALSE
	EndGlobalSection
	GlobalSection(ExtensibilityGlobals) = postSolution
		SolutionGuid = {29FD22B2-10F6-4766-BA08-EBB97ACB5FA2}
	EndGlobalSection
EndGlobal
